
Microsoft Visual Studio Solution File, Format Version 12.00
# Visual Studio 15
VisualStudioVersion = 15.0.28010.2050
MinimumVisualStudioVersion = 10.0.40219.1
Project("{FAE04EC0-301F-11D3-BF4B-00C04F79EFBC}") = "InputAndFormatting", "InputAndFormatting\InputAndFormatting.csproj", "{F13B772F-D982-4C4F-8A52-2854F087CDE1}"
EndProject
Global
	GlobalSection(SolutionConfigurationPlatforms) = preSolution
		Debug|Any CPU = Debug|Any CPU
		Release|Any CPU = Release|Any CPU
	EndGlobalSection
	GlobalSection(ProjectConfigurationPlatforms) = postSolution
		{F13B772F-D982-4C4F-8A52-2854F087CDE1}.Debug|Any CPU.ActiveCfg = Debug|Any CPU
		{F13B772F-D982-4C4F-8A52-2854F087CDE1}.Debug|Any CPU.Build.0 = Debug|Any CPU
		{F13B772F-D982-4C4F-8A52-2854F087CDE1}.Release|Any CPU.ActiveCfg = Release|Any CPU
		{F13B772F-D982-4C4F-8A52-2854F087CDE1}.Release|Any CPU.Build.0 = Release|Any CPU
	EndGlobalSection
	GlobalSection(SolutionProperties) = preSolution
		HideSolutionNode = FALSE
	EndGlobalSection
	GlobalSection(ExtensibilityGlobals) = postSolution
		SolutionGuid = {06D2522D-DE3D-4EC3-8E36-C9B3724082EA}
	EndGlobalSection
EndGlobal
